
Microsoft Visual Studio Solution File, Format Version 12.00
# Visual Studio Version 17
VisualStudioVersion = 17.3.32819.101
MinimumVisualStudioVersion = 10.0.40219.1
Project("{FAE04EC0-301F-11D3-BF4B-00C04F79EFBC}") = "Varlamov_Lab2", "Varlamov_Lab2\Varlamov_Lab2.csproj", "{AF2FFCCD-13BB-4AE0-A3DF-2371F278F2A7}"
EndProject
Global
	GlobalSection(SolutionConfigurationPlatforms) = preSolution
		Debug|Any CPU = Debug|Any CPU
		Release|Any CPU = Release|Any CPU
	EndGlobalSection
	GlobalSection(ProjectConfigurationPlatforms) = postSolution
		{AF2FFCCD-13BB-4AE0-A3DF-2371F278F2A7}.Debug|Any CPU.ActiveCfg = Debug|Any CPU
		{AF2FFCCD-13BB-4AE0-A3DF-2371F278F2A7}.Debug|Any CPU.Build.0 = Debug|Any CPU
		{AF2FFCCD-13BB-4AE0-A3DF-2371F278F2A7}.Release|Any CPU.ActiveCfg = Release|Any CPU
		{AF2FFCCD-13BB-4AE0-A3DF-2371F278F2A7}.Release|Any CPU.Build.0 = Release|Any CPU
	EndGlobalSection
	GlobalSection(SolutionProperties) = preSolution
		HideSolutionNode = FALSE
	EndGlobalSection
	GlobalSection(ExtensibilityGlobals) = postSolution
		SolutionGuid = {F804FA94-5A38-48FC-9446-CC4C14BBA997}
	EndGlobalSection
EndGlobal
